
Microsoft Visual Studio Solution File, Format Version 12.00
# Visual Studio Version 16
VisualStudioVersion = 16.0.29519.87
MinimumVisualStudioVersion = 10.0.40219.1
Project("{FAE04EC0-301F-11D3-BF4B-00C04F79EFBC}") = "Study", "Study\Study.csproj", "{DFE2FC2F-30F9-4DB4-A6CB-691B5F0FDD5E}"
EndProject
Project("{00D1A9C2-B5F0-4AF3-8072-F6C62B433612}") = "Studybase", "Studybase\Studybase.sqlproj", "{D45BB544-B9C2-4CD4-BE84-89661CF15530}"
EndProject
Global
	GlobalSection(SolutionConfigurationPlatforms) = preSolution
		Debug|Any CPU = Debug|Any CPU
		Release|Any CPU = Release|Any CPU
	EndGlobalSection
	GlobalSection(ProjectConfigurationPlatforms) = postSolution
		{DFE2FC2F-30F9-4DB4-A6CB-691B5F0FDD5E}.Debug|Any CPU.ActiveCfg = Debug|Any CPU
		{DFE2FC2F-30F9-4DB4-A6CB-691B5F0FDD5E}.Debug|Any CPU.Build.0 = Debug|Any CPU
		{DFE2FC2F-30F9-4DB4-A6CB-691B5F0FDD5E}.Release|Any CPU.ActiveCfg = Release|Any CPU
		{DFE2FC2F-30F9-4DB4-A6CB-691B5F0FDD5E}.Release|Any CPU.Build.0 = Release|Any CPU
		{D45BB544-B9C2-4CD4-BE84-89661CF15530}.Debug|Any CPU.ActiveCfg = Debug|Any CPU
		{D45BB544-B9C2-4CD4-BE84-89661CF15530}.Debug|Any CPU.Build.0 = Debug|Any CPU
		{D45BB544-B9C2-4CD4-BE84-89661CF15530}.Debug|Any CPU.Deploy.0 = Debug|Any CPU
		{D45BB544-B9C2-4CD4-BE84-89661CF15530}.Release|Any CPU.ActiveCfg = Release|Any CPU
		{D45BB544-B9C2-4CD4-BE84-89661CF15530}.Release|Any CPU.Build.0 = Release|Any CPU
		{D45BB544-B9C2-4CD4-BE84-89661CF15530}.Release|Any CPU.Deploy.0 = Release|Any CPU
	EndGlobalSection
	GlobalSection(SolutionProperties) = preSolution
		HideSolutionNode = FALSE
	EndGlobalSection
	GlobalSection(ExtensibilityGlobals) = postSolution
		SolutionGuid = {AE7E6090-C764-4965-AA30-F155B86352D2}
	EndGlobalSection
EndGlobal
